
Microsoft Visual Studio Solution File, Format Version 12.00
# Visual Studio Version 16
VisualStudioVersion = 16.8.2
MinimumVisualStudioVersion = 10.0.40219.1
Project("{FAE04EC0-301F-11D3-BF4B-00C04F79EFBC}") = "STANMOREAPP.Android", "STANMOREAPP.Android\STANMOREAPP.Android.csproj", "{9AC3778F-A1B9-44CB-B477-C508D2162B50}"
EndProject
Project("{FAE04EC0-301F-11D3-BF4B-00C04F79EFBC}") = "STANMOREAPP.iOS", "STANMOREAPP.iOS\STANMOREAPP.iOS.csproj", "{2E1EA4EF-0BB8-42E4-8B3C-F452B04F705F}"
EndProject
Project("{FAE04EC0-301F-11D3-BF4B-00C04F79EFBC}") = "STANMOREAPP", "STANMOREAPP\STANMOREAPP.csproj", "{8CA18D48-0507-4F83-A458-6AD9C6EA748D}"
EndProject
Global
	GlobalSection(SolutionConfigurationPlatforms) = preSolution
		Debug|Any CPU = Debug|Any CPU
		Debug|iPhone = Debug|iPhone
		Debug|iPhoneSimulator = Debug|iPhoneSimulator
		Release|Any CPU = Release|Any CPU
		Release|iPhone = Release|iPhone
		Release|iPhoneSimulator = Release|iPhoneSimulator
	EndGlobalSection
	GlobalSection(ProjectConfigurationPlatforms) = postSolution
		{9AC3778F-A1B9-44CB-B477-C508D2162B50}.Debug|Any CPU.ActiveCfg = Debug|Any CPU
		{9AC3778F-A1B9-44CB-B477-C508D2162B50}.Debug|Any CPU.Build.0 = Debug|Any CPU
		{9AC3778F-A1B9-44CB-B477-C508D2162B50}.Debug|Any CPU.Deploy.0 = Debug|Any CPU
		{9AC3778F-A1B9-44CB-B477-C508D2162B50}.Debug|iPhone.ActiveCfg = Debug|Any CPU
		{9AC3778F-A1B9-44CB-B477-C508D2162B50}.Debug|iPhone.Build.0 = Debug|Any CPU
		{9AC3778F-A1B9-44CB-B477-C508D2162B50}.Debug|iPhone.Deploy.0 = Debug|Any CPU
		{9AC3778F-A1B9-44CB-B477-C508D2162B50}.Debug|iPhoneSimulator.ActiveCfg = Debug|Any CPU
		{9AC3778F-A1B9-44CB-B477-C508D2162B50}.Debug|iPhoneSimulator.Build.0 = Debug|Any CPU
		{9AC3778F-A1B9-44CB-B477-C508D2162B50}.Debug|iPhoneSimulator.Deploy.0 = Debug|Any CPU
		{9AC3778F-A1B9-44CB-B477-C508D2162B50}.Release|Any CPU.ActiveCfg = Release|Any CPU
		{9AC3778F-A1B9-44CB-B477-C508D2162B50}.Release|Any CPU.Build.0 = Release|Any CPU
		{9AC3778F-A1B9-44CB-B477-C508D2162B50}.Release|Any CPU.Deploy.0 = Release|Any CPU
		{9AC3778F-A1B9-44CB-B477-C508D2162B50}.Release|iPhone.ActiveCfg = Release|Any CPU
		{9AC3778F-A1B9-44CB-B477-C508D2162B50}.Release|iPhone.Build.0 = Release|Any CPU
		{9AC3778F-A1B9-44CB-B477-C508D2162B50}.Release|iPhone.Deploy.0 = Release|Any CPU
		{9AC3778F-A1B9-44CB-B477-C508D2162B50}.Release|iPhoneSimulator.ActiveCfg = Release|Any CPU
		{9AC3778F-A1B9-44CB-B477-C508D2162B50}.Release|iPhoneSimulator.Build.0 = Release|Any CPU
		{9AC3778F-A1B9-44CB-B477-C508D2162B50}.Release|iPhoneSimulator.Deploy.0 = Release|Any CPU
		{2E1EA4EF-0BB8-42E4-8B3C-F452B04F705F}.Debug|Any CPU.ActiveCfg = Debug|iPhone
		{2E1EA4EF-0BB8-42E4-8B3C-F452B04F705F}.Debug|Any CPU.Build.0 = Debug|iPhone
		{2E1EA4EF-0BB8-42E4-8B3C-F452B04F705F}.Debug|Any CPU.Deploy.0 = Debug|iPhone
		{2E1EA4EF-0BB8-42E4-8B3C-F452B04F705F}.Debug|iPhone.ActiveCfg = Debug|iPhone
		{2E1EA4EF-0BB8-42E4-8B3C-F452B04F705F}.Debug|iPhone.Build.0 = Debug|iPhone
		{2E1EA4EF-0BB8-42E4-8B3C-F452B04F705F}.Debug|iPhone.Deploy.0 = Debug|iPhone
		{2E1EA4EF-0BB8-42E4-8B3C-F452B04F705F}.Debug|iPhoneSimulator.ActiveCfg = Debug|iPhoneSimulator
		{2E1EA4EF-0BB8-42E4-8B3C-F452B04F705F}.Debug|iPhoneSimulator.Build.0 = Debug|iPhoneSimulator
		{2E1EA4EF-0BB8-42E4-8B3C-F452B04F705F}.Debug|iPhoneSimulator.Deploy.0 = Debug|iPhoneSimulator
		{2E1EA4EF-0BB8-42E4-8B3C-F452B04F705F}.Release|Any CPU.ActiveCfg = Release|iPhoneSimulator
		{2E1EA4EF-0BB8-42E4-8B3C-F452B04F705F}.Release|Any CPU.Build.0 = Release|iPhoneSimulator
		{2E1EA4EF-0BB8-42E4-8B3C-F452B04F705F}.Release|Any CPU.Deploy.0 = Release|iPhoneSimulator
		{2E1EA4EF-0BB8-42E4-8B3C-F452B04F705F}.Release|iPhone.ActiveCfg = Release|iPhone
		{2E1EA4EF-0BB8-42E4-8B3C-F452B04F705F}.Release|iPhone.Build.0 = Release|iPhone
		{2E1EA4EF-0BB8-42E4-8B3C-F452B04F705F}.Release|iPhone.Deploy.0 = Release|iPhone
		{2E1EA4EF-0BB8-42E4-8B3C-F452B04F705F}.Release|iPhoneSimulator.ActiveCfg = Release|iPhoneSimulator
		{2E1EA4EF-0BB8-42E4-8B3C-F452B04F705F}.Release|iPhoneSimulator.Build.0 = Release|iPhoneSimulator
		{2E1EA4EF-0BB8-42E4-8B3C-F452B04F705F}.Release|iPhoneSimulator.Deploy.0 = Release|iPhoneSimulator
		{8CA18D48-0507-4F83-A458-6AD9C6EA748D}.Debug|Any CPU.ActiveCfg = Debug|Any CPU
		{8CA18D48-0507-4F83-A458-6AD9C6EA748D}.Debug|Any CPU.Build.0 = Debug|Any CPU
		{8CA18D48-0507-4F83-A458-6AD9C6EA748D}.Debug|Any CPU.Deploy.0 = Debug|Any CPU
		{8CA18D48-0507-4F83-A458-6AD9C6EA748D}.Debug|iPhone.ActiveCfg = Debug|Any CPU
		{8CA18D48-0507-4F83-A458-6AD9C6EA748D}.Debug|iPhone.Build.0 = Debug|Any CPU
		{8CA18D48-0507-4F83-A458-6AD9C6EA748D}.Debug|iPhone.Deploy.0 = Debug|Any CPU
		{8CA18D48-0507-4F83-A458-6AD9C6EA748D}.Debug|iPhoneSimulator.ActiveCfg = Debug|Any CPU
		{8CA18D48-0507-4F83-A458-6AD9C6EA748D}.Debug|iPhoneSimulator.Build.0 = Debug|Any CPU
		{8CA18D48-0507-4F83-A458-6AD9C6EA748D}.Debug|iPhoneSimulator.Deploy.0 = Debug|Any CPU
		{8CA18D48-0507-4F83-A458-6AD9C6EA748D}.Release|Any CPU.ActiveCfg = Release|Any CPU
		{8CA18D48-0507-4F83-A458-6AD9C6EA748D}.Release|Any CPU.Build.0 = Release|Any CPU
		{8CA18D48-0507-4F83-A458-6AD9C6EA748D}.Release|Any CPU.Deploy.0 = Release|Any CPU
		{8CA18D48-0507-4F83-A458-6AD9C6EA748D}.Release|iPhone.ActiveCfg = Release|Any CPU
		{8CA18D48-0507-4F83-A458-6AD9C6EA748D}.Release|iPhone.Build.0 = Release|Any CPU
		{8CA18D48-0507-4F83-A458-6AD9C6EA748D}.Release|iPhone.Deploy.0 = Release|Any CPU
		{8CA18D48-0507-4F83-A458-6AD9C6EA748D}.Release|iPhoneSimulator.ActiveCfg = Release|Any CPU
		{8CA18D48-0507-4F83-A458-6AD9C6EA748D}.Release|iPhoneSimulator.Build.0 = Release|Any CPU
		{8CA18D48-0507-4F83-A458-6AD9C6EA748D}.Release|iPhoneSimulator.Deploy.0 = Release|Any CPU
	EndGlobalSection
	GlobalSection(SolutionProperties) = preSolution
		HideSolutionNode = FALSE
	EndGlobalSection
	GlobalSection(ExtensibilityGlobals) = postSolution
		SolutionGuid = {4545CFD6-EBA7-4B3C-9224-90F5989F0DDE}
	EndGlobalSection
EndGlobal
